// !$*UTF8*$!
{
	archiveVersion = 1;
	classes = {
	};
	objectVersion = 56;
	objects = {

/* Begin PBXBuildFile section */
		DE9E51BF2C1AE7310006ACC4 /* ProductListViewController.swift in Sources */ = {isa = PBXBuildFile; fileRef = DE9E51BE2C1AE7310006ACC4 /* ProductListViewController.swift */; };
		DE9E51C12C1AE7CF0006ACC4 /* ItemListViewController.swift in Sources */ = {isa = PBXBuildFile; fileRef = DE9E51C02C1AE7CF0006ACC4 /* ItemListViewController.swift */; };
		DE9E51C32C1AE9640006ACC4 /* LabelCell.swift in Sources */ = {isa = PBXBuildFile; fileRef = DE9E51C22C1AE9640006ACC4 /* LabelCell.swift */; };
		DE9E51CA2C1AEA690006ACC4 /* DataModel.swift in Sources */ = {isa = PBXBuildFile; fileRef = DE9E51C92C1AEA690006ACC4 /* DataModel.swift */; };
		DE9E51CC2C1AEB2E0006ACC4 /* Data.swift in Sources */ = {isa = PBXBuildFile; fileRef = DE9E51CB2C1AEB2E0006ACC4 /* Data.swift */; };
		DE9E51CE2C1AEB400006ACC4 /* Product.swift in Sources */ = {isa = PBXBuildFile; fileRef = DE9E51CD2C1AEB400006ACC4 /* Product.swift */; };
		DE9E51D02C1AEE470006ACC4 /* ProductModel.swift in Sources */ = {isa = PBXBuildFile; fileRef = DE9E51CF2C1AEE470006ACC4 /* ProductModel.swift */; };
		DEB2756B2C1971370057602B /* AppDelegate.swift in Sources */ = {isa = PBXBuildFile; fileRef = DEB2756A2C1971370057602B /* AppDelegate.swift */; };
		DEB2756D2C1971370057602B /* SceneDelegate.swift in Sources */ = {isa = PBXBuildFile; fileRef = DEB2756C2C1971370057602B /* SceneDelegate.swift */; };
		DEB2756F2C1971370057602B /* ItemInfoViewController.swift in Sources */ = {isa = PBXBuildFile; fileRef = DEB2756E2C1971370057602B /* ItemInfoViewController.swift */; };
		DEB275722C1971370057602B /* Main.storyboard in Resources */ = {isa = PBXBuildFile; fileRef = DEB275702C1971370057602B /* Main.storyboard */; };
		DEB275742C1971380057602B /* Assets.xcassets in Resources */ = {isa = PBXBuildFile; fileRef = DEB275732C1971380057602B /* Assets.xcassets */; };
		DEB275772C1971380057602B /* LaunchScreen.storyboard in Resources */ = {isa = PBXBuildFile; fileRef = DEB275752C1971380057602B /* LaunchScreen.storyboard */; };
		DEE475E62C1B01670091850F /* BottomSheet.xib in Resources */ = {isa = PBXBuildFile; fileRef = DEE475E52C1B01670091850F /* BottomSheet.xib */; };
		DEE475E82C1B01760091850F /* BottomSheet.swift in Sources */ = {isa = PBXBuildFile; fileRef = DEE475E72C1B01760091850F /* BottomSheet.swift */; };
		DEE475EA2C1B114D0091850F /* UIView+Extention.swift in Sources */ = {isa = PBXBuildFile; fileRef = DEE475E92C1B114D0091850F /* UIView+Extention.swift */; };
/* End PBXBuildFile section */

/* Begin PBXFileReference section */
		DE9E51BE2C1AE7310006ACC4 /* ProductListViewController.swift */ = {isa = PBXFileReference; lastKnownFileType = sourcecode.swift; path = ProductListViewController.swift; sourceTree = "<group>"; };
		DE9E51C02C1AE7CF0006ACC4 /* ItemListViewController.swift */ = {isa = PBXFileReference; lastKnownFileType = sourcecode.swift; path = ItemListViewController.swift; sourceTree = "<group>"; };
		DE9E51C22C1AE9640006ACC4 /* LabelCell.swift */ = {isa = PBXFileReference; lastKnownFileType = sourcecode.swift; path = LabelCell.swift; sourceTree = "<group>"; };
		DE9E51C92C1AEA690006ACC4 /* DataModel.swift */ = {isa = PBXFileReference; lastKnownFileType = sourcecode.swift; path = DataModel.swift; sourceTree = "<group>"; };
		DE9E51CB2C1AEB2E0006ACC4 /* Data.swift */ = {isa = PBXFileReference; lastKnownFileType = sourcecode.swift; path = Data.swift; sourceTree = "<group>"; };
		DE9E51CD2C1AEB400006ACC4 /* Product.swift */ = {isa = PBXFileReference; lastKnownFileType = sourcecode.swift; path = Product.swift; sourceTree = "<group>"; };
		DE9E51CF2C1AEE470006ACC4 /* ProductModel.swift */ = {isa = PBXFileReference; lastKnownFileType = sourcecode.swift; path = ProductModel.swift; sourceTree = "<group>"; };
		DEB275672C1971370057602B /* AppWin1.app */ = {isa = PBXFileReference; explicitFileType = wrapper.application; includeInIndex = 0; path = AppWin1.app; sourceTree = BUILT_PRODUCTS_DIR; };
		DEB2756A2C1971370057602B /* AppDelegate.swift */ = {isa = PBXFileReference; lastKnownFileType = sourcecode.swift; path = AppDelegate.swift; sourceTree = "<group>"; };
		DEB2756C2C1971370057602B /* SceneDelegate.swift */ = {isa = PBXFileReference; lastKnownFileType = sourcecode.swift; path = SceneDelegate.swift; sourceTree = "<group>"; };
		DEB2756E2C1971370057602B /* ItemInfoViewController.swift */ = {isa = PBXFileReference; lastKnownFileType = sourcecode.swift; path = ItemInfoViewController.swift; sourceTree = "<group>"; };
		DEB275712C1971370057602B /* Base */ = {isa = PBXFileReference; lastKnownFileType = file.storyboard; name = Base; path = Base.lproj/Main.storyboard; sourceTree = "<group>"; };
		DEB275732C1971380057602B /* Assets.xcassets */ = {isa = PBXFileReference; lastKnownFileType = folder.assetcatalog; path = Assets.xcassets; sourceTree = "<group>"; };
		DEB275762C1971380057602B /* Base */ = {isa = PBXFileReference; lastKnownFileType = file.storyboard; name = Base; path = Base.lproj/LaunchScreen.storyboard; sourceTree = "<group>"; };
		DEB275782C1971380057602B /* Info.plist */ = {isa = PBXFileReference; lastKnownFileType = text.plist.xml; path = Info.plist; sourceTree = "<group>"; };
		DEE475E52C1B01670091850F /* BottomSheet.xib */ = {isa = PBXFileReference; lastKnownFileType = file.xib; path = BottomSheet.xib; sourceTree = "<group>"; };
		DEE475E72C1B01760091850F /* BottomSheet.swift */ = {isa = PBXFileReference; lastKnownFileType = sourcecode.swift; path = BottomSheet.swift; sourceTree = "<group>"; };
		DEE475E92C1B114D0091850F /* UIView+Extention.swift */ = {isa = PBXFileReference; lastKnownFileType = sourcecode.swift; path = "UIView+Extention.swift"; sourceTree = "<group>"; };
/* End PBXFileReference section */

/* Begin PBXFrameworksBuildPhase section */
		DEB275642C1971370057602B /* Frameworks */ = {
			isa = PBXFrameworksBuildPhase;
			buildActionMask = 2147483647;
			files = (
			);
			runOnlyForDeploymentPostprocessing = 0;
		};
/* End PBXFrameworksBuildPhase section */

/* Begin PBXGroup section */
		DE9E51BB2C1AE6E40006ACC4 /* View */ = {
			isa = PBXGroup;
			children = (
				DE9E51C22C1AE9640006ACC4 /* LabelCell.swift */,
				DEE475E72C1B01760091850F /* BottomSheet.swift */,
			);
			path = View;
			sourceTree = "<group>";
		};
		DE9E51BC2C1AE6EB0006ACC4 /* ViewController */ = {
			isa = PBXGroup;
			children = (
				DEB2756E2C1971370057602B /* ItemInfoViewController.swift */,
				DE9E51BE2C1AE7310006ACC4 /* ProductListViewController.swift */,
				DE9E51C02C1AE7CF0006ACC4 /* ItemListViewController.swift */,
			);
			path = ViewController;
			sourceTree = "<group>";
		};
		DE9E51BD2C1AE6FA0006ACC4 /* Storyboard */ = {
			isa = PBXGroup;
			children = (
				DEB275702C1971370057602B /* Main.storyboard */,
				DEB275752C1971380057602B /* LaunchScreen.storyboard */,
				DEE475E52C1B01670091850F /* BottomSheet.xib */,
			);
			path = Storyboard;
			sourceTree = "<group>";
		};
		DE9E51C42C1AE9EF0006ACC4 /* Model */ = {
			isa = PBXGroup;
			children = (
				DE9E51C92C1AEA690006ACC4 /* DataModel.swift */,
				DE9E51CB2C1AEB2E0006ACC4 /* Data.swift */,
				DE9E51CD2C1AEB400006ACC4 /* Product.swift */,
			);
			path = Model;
			sourceTree = "<group>";
		};
		DE9E51D12C1AEE4C0006ACC4 /* ViewModel */ = {
			isa = PBXGroup;
			children = (
				DE9E51CF2C1AEE470006ACC4 /* ProductModel.swift */,
			);
			path = ViewModel;
			sourceTree = "<group>";
		};
		DEB2755E2C1971370057602B = {
			isa = PBXGroup;
			children = (
				DEB275692C1971370057602B /* AppWin1 */,
				DEB275682C1971370057602B /* Products */,
			);
			sourceTree = "<group>";
		};
		DEB275682C1971370057602B /* Products */ = {
			isa = PBXGroup;
			children = (
				DEB275672C1971370057602B /* AppWin1.app */,
			);
			name = Products;
			sourceTree = "<group>";
		};
		DEB275692C1971370057602B /* AppWin1 */ = {
			isa = PBXGroup;
			children = (
				DEE475E02C1AFB030091850F /* Utils */,
				DE9E51D12C1AEE4C0006ACC4 /* ViewModel */,
				DE9E51C42C1AE9EF0006ACC4 /* Model */,
				DE9E51BD2C1AE6FA0006ACC4 /* Storyboard */,
				DE9E51BC2C1AE6EB0006ACC4 /* ViewController */,
				DE9E51BB2C1AE6E40006ACC4 /* View */,
				DEB2756A2C1971370057602B /* AppDelegate.swift */,
				DEB2756C2C1971370057602B /* SceneDelegate.swift */,
				DEB275732C1971380057602B /* Assets.xcassets */,
				DEB275782C1971380057602B /* Info.plist */,
			);
			path = AppWin1;
			sourceTree = "<group>";
		};
		DEE475E02C1AFB030091850F /* Utils */ = {
			isa = PBXGroup;
			children = (
				DEE475E92C1B114D0091850F /* UIView+Extention.swift */,
			);
			path = Utils;
			sourceTree = "<group>";
		};
/* End PBXGroup section */

/* Begin PBXNativeTarget section */
		DEB275662C1971370057602B /* AppWin1 */ = {
			isa = PBXNativeTarget;
			buildConfigurationList = DEB2757B2C1971380057602B /* Build configuration list for PBXNativeTarget "AppWin1" */;
			buildPhases = (
				DEB275632C1971370057602B /* Sources */,
				DEB275642C1971370057602B /* Frameworks */,
				DEB275652C1971370057602B /* Resources */,
			);
			buildRules = (
			);
			dependencies = (
			);
			name = AppWin1;
			productName = AppWin1;
			productReference = DEB275672C1971370057602B /* AppWin1.app */;
			productType = "com.apple.product-type.application";
		};
/* End PBXNativeTarget section */

/* Begin PBXProject section */
		DEB2755F2C1971370057602B /* Project object */ = {
			isa = PBXProject;
			attributes = {
				BuildIndependentTargetsInParallel = 1;
				LastSwiftUpdateCheck = 1520;
				LastUpgradeCheck = 1520;
				TargetAttributes = {
					DEB275662C1971370057602B = {
						CreatedOnToolsVersion = 15.2;
					};
				};
			};
			buildConfigurationList = DEB275622C1971370057602B /* Build configuration list for PBXProject "AppWin1" */;
			compatibilityVersion = "Xcode 14.0";
			developmentRegion = en;
			hasScannedForEncodings = 0;
			knownRegions = (
				en,
				Base,
			);
			mainGroup = DEB2755E2C1971370057602B;
			productRefGroup = DEB275682C1971370057602B /* Products */;
			projectDirPath = "";
			projectRoot = "";
			targets = (
				DEB275662C1971370057602B /* AppWin1 */,
			);
		};
/* End PBXProject section */

/* Begin PBXResourcesBuildPhase section */
		DEB275652C1971370057602B /* Resources */ = {
			isa = PBXResourcesBuildPhase;
			buildActionMask = 2147483647;
			files = (
				DEB275772C1971380057602B /* LaunchScreen.storyboard in Resources */,
				DEB275742C1971380057602B /* Assets.xcassets in Resources */,
				DEE475E62C1B01670091850F /* BottomSheet.xib in Resources */,
				DEB275722C1971370057602B /* Main.storyboard in Resources */,
			);
			runOnlyForDeploymentPostprocessing = 0;
		};
/* End PBXResourcesBuildPhase section */

/* Begin PBXSourcesBuildPhase section */
		DEB275632C1971370057602B /* Sources */ = {
			isa = PBXSourcesBuildPhase;
			buildActionMask = 2147483647;
			files = (
				DEB2756F2C1971370057602B /* ItemInfoViewController.swift in Sources */,
				DE9E51C12C1AE7CF0006ACC4 /* ItemListViewController.swift in Sources */,
				DE9E51CA2C1AEA690006ACC4 /* DataModel.swift in Sources */,
				DE9E51D02C1AEE470006ACC4 /* ProductModel.swift in Sources */,
				DEB2756B2C1971370057602B /* AppDelegate.swift in Sources */,
				DE9E51CE2C1AEB400006ACC4 /* Product.swift in Sources */,
				DEE475EA2C1B114D0091850F /* UIView+Extention.swift in Sources */,
				DEB2756D2C1971370057602B /* SceneDelegate.swift in Sources */,
				DE9E51CC2C1AEB2E0006ACC4 /* Data.swift in Sources */,
				DE9E51BF2C1AE7310006ACC4 /* ProductListViewController.swift in Sources */,
				DEE475E82C1B01760091850F /* BottomSheet.swift in Sources */,
				DE9E51C32C1AE9640006ACC4 /* LabelCell.swift in Sources */,
			);
			runOnlyForDeploymentPostprocessing = 0;
		};
/* End PBXSourcesBuildPhase section */

/* Begin PBXVariantGroup section */
		DEB275702C1971370057602B /* Main.storyboard */ = {
			isa = PBXVariantGroup;
			children = (
				DEB275712C1971370057602B /* Base */,
			);
			name = Main.storyboard;
			sourceTree = "<group>";
		};
		DEB275752C1971380057602B /* LaunchScreen.storyboard */ = {
			isa = PBXVariantGroup;
			children = (
				DEB275762C1971380057602B /* Base */,
			);
			name = LaunchScreen.storyboard;
			sourceTree = "<group>";
		};
/* End PBXVariantGroup section */

/* Begin XCBuildConfiguration section */
		DEB275792C1971380057602B /* Debug */ = {
			isa = XCBuildConfiguration;
			buildSettings = {
				ALWAYS_SEARCH_USER_PATHS = NO;
				ASSETCATALOG_COMPILER_GENERATE_SWIFT_ASSET_SYMBOL_EXTENSIONS = YES;
				CLANG_ANALYZER_NONNULL = YES;
				CLANG_ANALYZER_NUMBER_OBJECT_CONVERSION = YES_AGGRESSIVE;
				CLANG_CXX_LANGUAGE_STANDARD = "gnu++20";
				CLANG_ENABLE_MODULES = YES;
				CLANG_ENABLE_OBJC_ARC = YES;
				CLANG_ENABLE_OBJC_WEAK = YES;
				CLANG_WARN_BLOCK_CAPTURE_AUTORELEASING = YES;
				CLANG_WARN_BOOL_CONVERSION = YES;
				CLANG_WARN_COMMA = YES;
				CLANG_WARN_CONSTANT_CONVERSION = YES;
				CLANG_WARN_DEPRECATED_OBJC_IMPLEMENTATIONS = YES;
				CLANG_WARN_DIRECT_OBJC_ISA_USAGE = YES_ERROR;
				CLANG_WARN_DOCUMENTATION_COMMENTS = YES;
				CLANG_WARN_EMPTY_BODY = YES;
				CLANG_WARN_ENUM_CONVERSION = YES;
				CLANG_WARN_INFINITE_RECURSION = YES;
				CLANG_WARN_INT_CONVERSION = YES;
				CLANG_WARN_NON_LITERAL_NULL_CONVERSION = YES;
				CLANG_WARN_OBJC_IMPLICIT_RETAIN_SELF = YES;
				CLANG_WARN_OBJC_LITERAL_CONVERSION = YES;
				CLANG_WARN_OBJC_ROOT_CLASS = YES_ERROR;
				CLANG_WARN_QUOTED_INCLUDE_IN_FRAMEWORK_HEADER = YES;
				CLANG_WARN_RANGE_LOOP_ANALYSIS = YES;
				CLANG_WARN_STRICT_PROTOTYPES = YES;
				CLANG_WARN_SUSPICIOUS_MOVE = YES;
				CLANG_WARN_UNGUARDED_AVAILABILITY = YES_AGGRESSIVE;
				CLANG_WARN_UNREACHABLE_CODE = YES;
				CLANG_WARN__DUPLICATE_METHOD_MATCH = YES;
				COPY_PHASE_STRIP = NO;
				DEBUG_INFORMATION_FORMAT = dwarf;
				ENABLE_STRICT_OBJC_MSGSEND = YES;
				ENABLE_TESTABILITY = YES;
				ENABLE_USER_SCRIPT_SANDBOXING = YES;
				GCC_C_LANGUAGE_STANDARD = gnu17;
				GCC_DYNAMIC_NO_PIC = NO;
				GCC_NO_COMMON_BLOCKS = YES;
				GCC_OPTIMIZATION_LEVEL = 0;
				GCC_PREPROCESSOR_DEFINITIONS = (
					"DEBUG=1",
					"$(inherited)",
				);
				GCC_WARN_64_TO_32_BIT_CONVERSION = YES;
				GCC_WARN_ABOUT_RETURN_TYPE = YES_ERROR;
				GCC_WARN_UNDECLARED_SELECTOR = YES;
				GCC_WARN_UNINITIALIZED_AUTOS = YES_AGGRESSIVE;
				GCC_WARN_UNUSED_FUNCTION = YES;
				GCC_WARN_UNUSED_VARIABLE = YES;
				IPHONEOS_DEPLOYMENT_TARGET = 17.2;
				LOCALIZATION_PREFERS_STRING_CATALOGS = YES;
				MTL_ENABLE_DEBUG_INFO = INCLUDE_SOURCE;
				MTL_FAST_MATH = YES;
				ONLY_ACTIVE_ARCH = YES;
				SDKROOT = iphoneos;
				SWIFT_ACTIVE_COMPILATION_CONDITIONS = "DEBUG $(inherited)";
				SWIFT_OPTIMIZATION_LEVEL = "-Onone";
			};
			name = Debug;
		};
		DEB2757A2C1971380057602B /* Release */ = {
			isa = XCBuildConfiguration;
			buildSettings = {
				ALWAYS_SEARCH_USER_PATHS = NO;
				ASSETCATALOG_COMPILER_GENERATE_SWIFT_ASSET_SYMBOL_EXTENSIONS = YES;
				CLANG_ANALYZER_NONNULL = YES;
				CLANG_ANALYZER_NUMBER_OBJECT_CONVERSION = YES_AGGRESSIVE;
				CLANG_CXX_LANGUAGE_STANDARD = "gnu++20";
				CLANG_ENABLE_MODULES = YES;
				CLANG_ENABLE_OBJC_ARC = YES;
				CLANG_ENABLE_OBJC_WEAK = YES;
				CLANG_WARN_BLOCK_CAPTURE_AUTORELEASING = YES;
				CLANG_WARN_BOOL_CONVERSION = YES;
				CLANG_WARN_COMMA = YES;
				CLANG_WARN_CONSTANT_CONVERSION = YES;
				CLANG_WARN_DEPRECATED_OBJC_IMPLEMENTATIONS = YES;
				CLANG_WARN_DIRECT_OBJC_ISA_USAGE = YES_ERROR;
				CLANG_WARN_DOCUMENTATION_COMMENTS = YES;
				CLANG_WARN_EMPTY_BODY = YES;
				CLANG_WARN_ENUM_CONVERSION = YES;
				CLANG_WARN_INFINITE_RECURSION = YES;
				CLANG_WARN_INT_CONVERSION = YES;
				CLANG_WARN_NON_LITERAL_NULL_CONVERSION = YES;
				CLANG_WARN_OBJC_IMPLICIT_RETAIN_SELF = YES;
				CLANG_WARN_OBJC_LITERAL_CONVERSION = YES;
				CLANG_WARN_OBJC_ROOT_CLASS = YES_ERROR;
				CLANG_WARN_QUOTED_INCLUDE_IN_FRAMEWORK_HEADER = YES;
				CLANG_WARN_RANGE_LOOP_ANALYSIS = YES;
				CLANG_WARN_STRICT_PROTOTYPES = YES;
				CLANG_WARN_SUSPICIOUS_MOVE = YES;
				CLANG_WARN_UNGUARDED_AVAILABILITY = YES_AGGRESSIVE;
				CLANG_WARN_UNREACHABLE_CODE = YES;
				CLANG_WARN__DUPLICATE_METHOD_MATCH = YES;
				COPY_PHASE_STRIP = NO;
				DEBUG_INFORMATION_FORMAT = "dwarf-with-dsym";
				ENABLE_NS_ASSERTIONS = NO;
				ENABLE_STRICT_OBJC_MSGSEND = YES;
				ENABLE_USER_SCRIPT_SANDBOXING = YES;
				GCC_C_LANGUAGE_STANDARD = gnu17;
				GCC_NO_COMMON_BLOCKS = YES;
				GCC_WARN_64_TO_32_BIT_CONVERSION = YES;
				GCC_WARN_ABOUT_RETURN_TYPE = YES_ERROR;
				GCC_WARN_UNDECLARED_SELECTOR = YES;
				GCC_WARN_UNINITIALIZED_AUTOS = YES_AGGRESSIVE;
				GCC_WARN_UNUSED_FUNCTION = YES;
				GCC_WARN_UNUSED_VARIABLE = YES;
				IPHONEOS_DEPLOYMENT_TARGET = 17.2;
				LOCALIZATION_PREFERS_STRING_CATALOGS = YES;
				MTL_ENABLE_DEBUG_INFO = NO;
				MTL_FAST_MATH = YES;
				SDKROOT = iphoneos;
				SWIFT_COMPILATION_MODE = wholemodule;
				VALIDATE_PRODUCT = YES;
			};
			name = Release;
		};
		DEB2757C2C1971380057602B /* Debug */ = {
			isa = XCBuildConfiguration;
			buildSettings = {
				ASSETCATALOG_COMPILER_APPICON_NAME = AppIcon;
				ASSETCATALOG_COMPILER_GLOBAL_ACCENT_COLOR_NAME = AccentColor;
				CODE_SIGN_STYLE = Automatic;
				CURRENT_PROJECT_VERSION = 1;
				DEVELOPMENT_TEAM = MW88QC3MD7;
				GENERATE_INFOPLIST_FILE = YES;
				INFOPLIST_FILE = AppWin1/Info.plist;
				INFOPLIST_KEY_UIApplicationSupportsIndirectInputEvents = YES;
				INFOPLIST_KEY_UILaunchStoryboardName = LaunchScreen;
				INFOPLIST_KEY_UIMainStoryboardFile = Main;
				INFOPLIST_KEY_UISupportedInterfaceOrientations_iPad = "UIInterfaceOrientationPortrait UIInterfaceOrientationPortraitUpsideDown UIInterfaceOrientationLandscapeLeft UIInterfaceOrientationLandscapeRight";
				INFOPLIST_KEY_UISupportedInterfaceOrientations_iPhone = "UIInterfaceOrientationPortrait UIInterfaceOrientationLandscapeLeft UIInterfaceOrientationLandscapeRight";
				LD_RUNPATH_SEARCH_PATHS = (
					"$(inherited)",
					"@executable_path/Frameworks",
				);
				MARKETING_VERSION = 1.0;
				PRODUCT_BUNDLE_IDENTIFIER = com.test.AppWin1.AppWin1;
				PRODUCT_NAME = "$(TARGET_NAME)";
				SWIFT_EMIT_LOC_STRINGS = YES;
				SWIFT_VERSION = 5.0;
				TARGETED_DEVICE_FAMILY = "1,2";
			};
			name = Debug;
		};
		DEB2757D2C1971380057602B /* Release */ = {
			isa = XCBuildConfiguration;
			buildSettings = {
				ASSETCATALOG_COMPILER_APPICON_NAME = AppIcon;
				ASSETCATALOG_COMPILER_GLOBAL_ACCENT_COLOR_NAME = AccentColor;
				CODE_SIGN_STYLE = Automatic;
				CURRENT_PROJECT_VERSION = 1;
				DEVELOPMENT_TEAM = MW88QC3MD7;
				GENERATE_INFOPLIST_FILE = YES;
				INFOPLIST_FILE = AppWin1/Info.plist;
				INFOPLIST_KEY_UIApplicationSupportsIndirectInputEvents = YES;
				INFOPLIST_KEY_UILaunchStoryboardName = LaunchScreen;
				INFOPLIST_KEY_UIMainStoryboardFile = Main;
				INFOPLIST_KEY_UISupportedInterfaceOrientations_iPad = "UIInterfaceOrientationPortrait UIInterfaceOrientationPortraitUpsideDown UIInterfaceOrientationLandscapeLeft UIInterfaceOrientationLandscapeRight";
				INFOPLIST_KEY_UISupportedInterfaceOrientations_iPhone = "UIInterfaceOrientationPortrait UIInterfaceOrientationLandscapeLeft UIInterfaceOrientationLandscapeRight";
				LD_RUNPATH_SEARCH_PATHS = (
					"$(inherited)",
					"@executable_path/Frameworks",
				);
				MARKETING_VERSION = 1.0;
				PRODUCT_BUNDLE_IDENTIFIER = com.test.AppWin1.AppWin1;
				PRODUCT_NAME = "$(TARGET_NAME)";
				SWIFT_EMIT_LOC_STRINGS = YES;
				SWIFT_VERSION = 5.0;
				TARGETED_DEVICE_FAMILY = "1,2";
			};
			name = Release;
		};
/* End XCBuildConfiguration section */

/* Begin XCConfigurationList section */
		DEB275622C1971370057602B /* Build configuration list for PBXProject "AppWin1" */ = {
			isa = XCConfigurationList;
			buildConfigurations = (
				DEB275792C1971380057602B /* Debug */,
				DEB2757A2C1971380057602B /* Release */,
			);
			defaultConfigurationIsVisible = 0;
			defaultConfigurationName = Release;
		};
		DEB2757B2C1971380057602B /* Build configuration list for PBXNativeTarget "AppWin1" */ = {
			isa = XCConfigurationList;
			buildConfigurations = (
				DEB2757C2C1971380057602B /* Debug */,
				DEB2757D2C1971380057602B /* Release */,
			);
			defaultConfigurationIsVisible = 0;
			defaultConfigurationName = Release;
		};
/* End XCConfigurationList section */
	};
	rootObject = DEB2755F2C1971370057602B /* Project object */;
}
